// !$*UTF8*$!
{
	archiveVersion = 1;
	classes = {
	};
	objectVersion = 46;
	objects = {

/* Begin PBXBuildFile section */
		90102A001C04025100245956 /* Queue.m in Sources */ = {isa = PBXBuildFile; fileRef = 901029FF1C04025100245956 /* Queue.m */; };
		904E2FE31C0A233F0036E5A3 /* ReminderTableRowController.m in Sources */ = {isa = PBXBuildFile; fileRef = 904E2FE21C0A233F0036E5A3 /* ReminderTableRowController.m */; };
		905C02371C0501780038981A /* LocationService.m in Sources */ = {isa = PBXBuildFile; fileRef = 905C02361C0501780038981A /* LocationService.m */; };
		905C023A1C05155B0038981A /* LocationDetailViewController.m in Sources */ = {isa = PBXBuildFile; fileRef = 905C02391C05155B0038981A /* LocationDetailViewController.m */; };
		905C023D1C051A730038981A /* Anagram.m in Sources */ = {isa = PBXBuildFile; fileRef = 905C023C1C051A730038981A /* Anagram.m */; };
		905E40C61C03AC8C0029365C /* main.m in Sources */ = {isa = PBXBuildFile; fileRef = 905E40C51C03AC8C0029365C /* main.m */; };
		905E40C91C03AC8C0029365C /* AppDelegate.m in Sources */ = {isa = PBXBuildFile; fileRef = 905E40C81C03AC8C0029365C /* AppDelegate.m */; };
		905E40CF1C03AC8C0029365C /* Main.storyboard in Resources */ = {isa = PBXBuildFile; fileRef = 905E40CD1C03AC8C0029365C /* Main.storyboard */; };
		905E40D11C03AC8C0029365C /* Assets.xcassets in Resources */ = {isa = PBXBuildFile; fileRef = 905E40D01C03AC8C0029365C /* Assets.xcassets */; };
		905E40D41C03AC8C0029365C /* LaunchScreen.storyboard in Resources */ = {isa = PBXBuildFile; fileRef = 905E40D21C03AC8C0029365C /* LaunchScreen.storyboard */; };
		905E40DF1C03AC8C0029365C /* MapMastersTests.m in Sources */ = {isa = PBXBuildFile; fileRef = 905E40DE1C03AC8C0029365C /* MapMastersTests.m */; };
		905E40EA1C03AC8C0029365C /* MapMastersUITests.m in Sources */ = {isa = PBXBuildFile; fileRef = 905E40E91C03AC8C0029365C /* MapMastersUITests.m */; };
		905E40F81C03AC950029365C /* MapKit.framework in Frameworks */ = {isa = PBXBuildFile; fileRef = 905E40F71C03AC950029365C /* MapKit.framework */; };
		905E40FA1C03AF590029365C /* Bolts.framework in Frameworks */ = {isa = PBXBuildFile; fileRef = 905E40F91C03AF590029365C /* Bolts.framework */; };
		905E40FC1C03AF670029365C /* Parse.framework in Frameworks */ = {isa = PBXBuildFile; fileRef = 905E40FB1C03AF670029365C /* Parse.framework */; };
		905E41021C03AFE10029365C /* Accounts.framework in Frameworks */ = {isa = PBXBuildFile; fileRef = 905E41011C03AFE10029365C /* Accounts.framework */; };
		905E41041C03AFEB0029365C /* AudioToolbox.framework in Frameworks */ = {isa = PBXBuildFile; fileRef = 905E41031C03AFEB0029365C /* AudioToolbox.framework */; };
		905E41061C03AFF40029365C /* CFNetwork.framework in Frameworks */ = {isa = PBXBuildFile; fileRef = 905E41051C03AFF40029365C /* CFNetwork.framework */; };
		905E41081C03AFFE0029365C /* CoreGraphics.framework in Frameworks */ = {isa = PBXBuildFile; fileRef = 905E41071C03AFFE0029365C /* CoreGraphics.framework */; };
		905E410A1C03B0050029365C /* CoreLocation.framework in Frameworks */ = {isa = PBXBuildFile; fileRef = 905E41091C03B0050029365C /* CoreLocation.framework */; };
		905E410C1C03B00D0029365C /* QuartzCore.framework in Frameworks */ = {isa = PBXBuildFile; fileRef = 905E410B1C03B00D0029365C /* QuartzCore.framework */; };
		905E410E1C03B0160029365C /* Security.framework in Frameworks */ = {isa = PBXBuildFile; fileRef = 905E410D1C03B0160029365C /* Security.framework */; };
		905E41101C03B0250029365C /* Social.framework in Frameworks */ = {isa = PBXBuildFile; fileRef = 905E410F1C03B0250029365C /* Social.framework */; };
		905E41121C03B02D0029365C /* StoreKit.framework in Frameworks */ = {isa = PBXBuildFile; fileRef = 905E41111C03B02D0029365C /* StoreKit.framework */; };
		905E41141C03B0370029365C /* SystemConfiguration.framework in Frameworks */ = {isa = PBXBuildFile; fileRef = 905E41131C03B0370029365C /* SystemConfiguration.framework */; };
		905E41161C03B0410029365C /* libz.tbd in Frameworks */ = {isa = PBXBuildFile; fileRef = 905E41151C03B0410029365C /* libz.tbd */; };
		905E41181C03B04A0029365C /* libsqlite3.tbd in Frameworks */ = {isa = PBXBuildFile; fileRef = 905E41171C03B04A0029365C /* libsqlite3.tbd */; };
		905E411B1C03B2E30029365C /* MapViewController.m in Sources */ = {isa = PBXBuildFile; fileRef = 905E411A1C03B2E30029365C /* MapViewController.m */; };
		905E41211C03CC1A0029365C /* Stack.m in Sources */ = {isa = PBXBuildFile; fileRef = 905E41201C03CC1A0029365C /* Stack.m */; };
		90793B501C0954AF003F3EBD /* UIColorClassExtension.m in Sources */ = {isa = PBXBuildFile; fileRef = 90793B4F1C0954AF003F3EBD /* UIColorClassExtension.m */; };
		90793B531C09594B003F3EBD /* SumNumbersInString.m in Sources */ = {isa = PBXBuildFile; fileRef = 90793B521C09594B003F3EBD /* SumNumbersInString.m */; };
		90793B561C095D73003F3EBD /* LinkedListMain.m in Sources */ = {isa = PBXBuildFile; fileRef = 90793B551C095D73003F3EBD /* LinkedListMain.m */; };
		90793B591C096106003F3EBD /* LinkedListNode.m in Sources */ = {isa = PBXBuildFile; fileRef = 90793B581C096106003F3EBD /* LinkedListNode.m */; };
		90793B5B1C0985B2003F3EBD /* toottoot.mp3 in Resources */ = {isa = PBXBuildFile; fileRef = 90793B5A1C0985B1003F3EBD /* toottoot.mp3 */; };
		90793BD01C09958E003F3EBD /* Interface.storyboard in Resources */ = {isa = PBXBuildFile; fileRef = 90793BCE1C09958E003F3EBD /* Interface.storyboard */; };
		90793BD21C09958E003F3EBD /* Assets.xcassets in Resources */ = {isa = PBXBuildFile; fileRef = 90793BD11C09958E003F3EBD /* Assets.xcassets */; };
		90793BD91C09958F003F3EBD /* MapMastersWrist Extension.appex in Embed App Extensions */ = {isa = PBXBuildFile; fileRef = 90793BD81C09958F003F3EBD /* MapMastersWrist Extension.appex */; settings = {ATTRIBUTES = (RemoveHeadersOnCopy, ); }; };
		90793BE11C09958F003F3EBD /* InterfaceController.m in Sources */ = {isa = PBXBuildFile; fileRef = 90793BE01C09958F003F3EBD /* InterfaceController.m */; };
		90793BE41C09958F003F3EBD /* ExtensionDelegate.m in Sources */ = {isa = PBXBuildFile; fileRef = 90793BE31C09958F003F3EBD /* ExtensionDelegate.m */; };
		90793BE71C09958F003F3EBD /* NotificationController.m in Sources */ = {isa = PBXBuildFile; fileRef = 90793BE61C09958F003F3EBD /* NotificationController.m */; };
		90793BE91C09958F003F3EBD /* Assets.xcassets in Resources */ = {isa = PBXBuildFile; fileRef = 90793BE81C09958F003F3EBD /* Assets.xcassets */; };
		90793BED1C09958F003F3EBD /* MapMastersWrist.app in Embed Watch Content */ = {isa = PBXBuildFile; fileRef = 90793BCC1C09958E003F3EBD /* MapMastersWrist.app */; };
		90F7FCE01C06BC7400E31AEC /* LoginViewController.m in Sources */ = {isa = PBXBuildFile; fileRef = 90F7FCDF1C06BC7400E31AEC /* LoginViewController.m */; };
		90FC62E21C0657D200FC0C87 /* ParseFacebookUtils.framework in Frameworks */ = {isa = PBXBuildFile; fileRef = 90FC62DE1C0657D200FC0C87 /* ParseFacebookUtils.framework */; };
		90FC62E31C0657D200FC0C87 /* ParseFacebookUtilsV4.framework in Frameworks */ = {isa = PBXBuildFile; fileRef = 90FC62DF1C0657D200FC0C87 /* ParseFacebookUtilsV4.framework */; };
		90FC62E41C0657D200FC0C87 /* ParseTwitterUtils.framework in Frameworks */ = {isa = PBXBuildFile; fileRef = 90FC62E01C0657D200FC0C87 /* ParseTwitterUtils.framework */; };
		90FC62E51C0657D200FC0C87 /* ParseUI.framework in Frameworks */ = {isa = PBXBuildFile; fileRef = 90FC62E11C0657D200FC0C87 /* ParseUI.framework */; };
		90FC62E81C066FD000FC0C87 /* Reminder.m in Sources */ = {isa = PBXBuildFile; fileRef = 90FC62E71C066FD000FC0C87 /* Reminder.m */; };
/* End PBXBuildFile section */

/* Begin PBXContainerItemProxy section */
		905E40DB1C03AC8C0029365C /* PBXContainerItemProxy */ = {
			isa = PBXContainerItemProxy;
			containerPortal = 905E40B91C03AC8C0029365C /* Project object */;
			proxyType = 1;
			remoteGlobalIDString = 905E40C01C03AC8C0029365C;
			remoteInfo = MapMasters;
		};
		905E40E61C03AC8C0029365C /* PBXContainerItemProxy */ = {
			isa = PBXContainerItemProxy;
			containerPortal = 905E40B91C03AC8C0029365C /* Project object */;
			proxyType = 1;
			remoteGlobalIDString = 905E40C01C03AC8C0029365C;
			remoteInfo = MapMasters;
		};
		90793BDA1C09958F003F3EBD /* PBXContainerItemProxy */ = {
			isa = PBXContainerItemProxy;
			containerPortal = 905E40B91C03AC8C0029365C /* Project object */;
			proxyType = 1;
			remoteGlobalIDString = 90793BD71C09958F003F3EBD;
			remoteInfo = "MapMastersWrist Extension";
		};
		90793BEB1C09958F003F3EBD /* PBXContainerItemProxy */ = {
			isa = PBXContainerItemProxy;
			containerPortal = 905E40B91C03AC8C0029365C /* Project object */;
			proxyType = 1;
			remoteGlobalIDString = 90793BCB1C09958E003F3EBD;
			remoteInfo = MapMastersWrist;
		};
/* End PBXContainerItemProxy section */

/* Begin PBXCopyFilesBuildPhase section */
		90793BF11C09958F003F3EBD /* Embed App Extensions */ = {
			isa = PBXCopyFilesBuildPhase;
			buildActionMask = 2147483647;
			dstPath = "";
			dstSubfolderSpec = 13;
			files = (
				90793BD91C09958F003F3EBD /* MapMastersWrist Extension.appex in Embed App Extensions */,
			);
			name = "Embed App Extensions";
			runOnlyForDeploymentPostprocessing = 0;
		};
		90793BF51C09958F003F3EBD /* Embed Watch Content */ = {
			isa = PBXCopyFilesBuildPhase;
			buildActionMask = 2147483647;
			dstPath = "$(CONTENTS_FOLDER_PATH)/Watch";
			dstSubfolderSpec = 16;
			files = (
				90793BED1C09958F003F3EBD /* MapMastersWrist.app in Embed Watch Content */,
			);
			name = "Embed Watch Content";
			runOnlyForDeploymentPostprocessing = 0;
		};
/* End PBXCopyFilesBuildPhase section */

/* Begin PBXFileReference section */
		901029FE1C04025100245956 /* Queue.h */ = {isa = PBXFileReference; fileEncoding = 4; lastKnownFileType = sourcecode.c.h; path = Queue.h; sourceTree = "<group>"; };
		901029FF1C04025100245956 /* Queue.m */ = {isa = PBXFileReference; fileEncoding = 4; lastKnownFileType = sourcecode.c.objc; path = Queue.m; sourceTree = "<group>"; };
		904E2FE11C0A233F0036E5A3 /* ReminderTableRowController.h */ = {isa = PBXFileReference; fileEncoding = 4; lastKnownFileType = sourcecode.c.h; path = ReminderTableRowController.h; sourceTree = "<group>"; };
		904E2FE21C0A233F0036E5A3 /* ReminderTableRowController.m */ = {isa = PBXFileReference; fileEncoding = 4; lastKnownFileType = sourcecode.c.objc; path = ReminderTableRowController.m; sourceTree = "<group>"; };
		905C02351C0501780038981A /* LocationService.h */ = {isa = PBXFileReference; fileEncoding = 4; lastKnownFileType = sourcecode.c.h; path = LocationService.h; sourceTree = "<group>"; };
		905C02361C0501780038981A /* LocationService.m */ = {isa = PBXFileReference; fileEncoding = 4; lastKnownFileType = sourcecode.c.objc; path = LocationService.m; sourceTree = "<group>"; };
		905C02381C05155B0038981A /* LocationDetailViewController.h */ = {isa = PBXFileReference; fileEncoding = 4; lastKnownFileType = sourcecode.c.h; path = LocationDetailViewController.h; sourceTree = "<group>"; };
		905C02391C05155B0038981A /* LocationDetailViewController.m */ = {isa = PBXFileReference; fileEncoding = 4; lastKnownFileType = sourcecode.c.objc; path = LocationDetailViewController.m; sourceTree = "<group>"; };
		905C023B1C051A730038981A /* Anagram.h */ = {isa = PBXFileReference; fileEncoding = 4; lastKnownFileType = sourcecode.c.h; path = Anagram.h; sourceTree = "<group>"; };
		905C023C1C051A730038981A /* Anagram.m */ = {isa = PBXFileReference; fileEncoding = 4; lastKnownFileType = sourcecode.c.objc; path = Anagram.m; sourceTree = "<group>"; };
		905E40C11C03AC8C0029365C /* MapMasters.app */ = {isa = PBXFileReference; explicitFileType = wrapper.application; includeInIndex = 0; path = MapMasters.app; sourceTree = BUILT_PRODUCTS_DIR; };
		905E40C51C03AC8C0029365C /* main.m */ = {isa = PBXFileReference; lastKnownFileType = sourcecode.c.objc; path = main.m; sourceTree = "<group>"; };
		905E40C71C03AC8C0029365C /* AppDelegate.h */ = {isa = PBXFileReference; lastKnownFileType = sourcecode.c.h; path = AppDelegate.h; sourceTree = "<group>"; };
		905E40C81C03AC8C0029365C /* AppDelegate.m */ = {isa = PBXFileReference; lastKnownFileType = sourcecode.c.objc; path = AppDelegate.m; sourceTree = "<group>"; };
		905E40CE1C03AC8C0029365C /* Base */ = {isa = PBXFileReference; lastKnownFileType = file.storyboard; name = Base; path = Base.lproj/Main.storyboard; sourceTree = "<group>"; };
		905E40D01C03AC8C0029365C /* Assets.xcassets */ = {isa = PBXFileReference; lastKnownFileType = folder.assetcatalog; path = Assets.xcassets; sourceTree = "<group>"; };
		905E40D31C03AC8C0029365C /* Base */ = {isa = PBXFileReference; lastKnownFileType = file.storyboard; name = Base; path = Base.lproj/LaunchScreen.storyboard; sourceTree = "<group>"; };
		905E40D51C03AC8C0029365C /* Info.plist */ = {isa = PBXFileReference; lastKnownFileType = text.plist.xml; path = Info.plist; sourceTree = "<group>"; };
		905E40DA1C03AC8C0029365C /* MapMastersTests.xctest */ = {isa = PBXFileReference; explicitFileType = wrapper.cfbundle; includeInIndex = 0; path = MapMastersTests.xctest; sourceTree = BUILT_PRODUCTS_DIR; };
		905E40DE1C03AC8C0029365C /* MapMastersTests.m */ = {isa = PBXFileReference; lastKnownFileType = sourcecode.c.objc; path = MapMastersTests.m; sourceTree = "<group>"; };
		905E40E01C03AC8C0029365C /* Info.plist */ = {isa = PBXFileReference; lastKnownFileType = text.plist.xml; path = Info.plist; sourceTree = "<group>"; };
		905E40E51C03AC8C0029365C /* MapMastersUITests.xctest */ = {isa = PBXFileReference; explicitFileType = wrapper.cfbundle; includeInIndex = 0; path = MapMastersUITests.xctest; sourceTree = BUILT_PRODUCTS_DIR; };
		905E40E91C03AC8C0029365C /* MapMastersUITests.m */ = {isa = PBXFileReference; lastKnownFileType = sourcecode.c.objc; path = MapMastersUITests.m; sourceTree = "<group>"; };
		905E40EB1C03AC8C0029365C /* Info.plist */ = {isa = PBXFileReference; lastKnownFileType = text.plist.xml; path = Info.plist; sourceTree = "<group>"; };
		905E40F71C03AC950029365C /* MapKit.framework */ = {isa = PBXFileReference; lastKnownFileType = wrapper.framework; name = MapKit.framework; path = System/Library/Frameworks/MapKit.framework; sourceTree = SDKROOT; };
		905E40F91C03AF590029365C /* Bolts.framework */ = {isa = PBXFileReference; lastKnownFileType = wrapper.framework; path = Bolts.framework; sourceTree = "<group>"; };
		905E40FB1C03AF670029365C /* Parse.framework */ = {isa = PBXFileReference; lastKnownFileType = wrapper.framework; path = Parse.framework; sourceTree = "<group>"; };
		905E41011C03AFE10029365C /* Accounts.framework */ = {isa = PBXFileReference; lastKnownFileType = wrapper.framework; name = Accounts.framework; path = System/Library/Frameworks/Accounts.framework; sourceTree = SDKROOT; };
		905E41031C03AFEB0029365C /* AudioToolbox.framework */ = {isa = PBXFileReference; lastKnownFileType = wrapper.framework; name = AudioToolbox.framework; path = System/Library/Frameworks/AudioToolbox.framework; sourceTree = SDKROOT; };
		905E41051C03AFF40029365C /* CFNetwork.framework */ = {isa = PBXFileReference; lastKnownFileType = wrapper.framework; name = CFNetwork.framework; path = System/Library/Frameworks/CFNetwork.framework; sourceTree = SDKROOT; };
		905E41071C03AFFE0029365C /* CoreGraphics.framework */ = {isa = PBXFileReference; lastKnownFileType = wrapper.framework; name = CoreGraphics.framework; path = System/Library/Frameworks/CoreGraphics.framework; sourceTree = SDKROOT; };
		905E41091C03B0050029365C /* CoreLocation.framework */ = {isa = PBXFileReference; lastKnownFileType = wrapper.framework; name = CoreLocation.framework; path = System/Library/Frameworks/CoreLocation.framework; sourceTree = SDKROOT; };
		905E410B1C03B00D0029365C /* QuartzCore.framework */ = {isa = PBXFileReference; lastKnownFileType = wrapper.framework; name = QuartzCore.framework; path = System/Library/Frameworks/QuartzCore.framework; sourceTree = SDKROOT; };
		905E410D1C03B0160029365C /* Security.framework */ = {isa = PBXFileReference; lastKnownFileType = wrapper.framework; name = Security.framework; path = System/Library/Frameworks/Security.framework; sourceTree = SDKROOT; };
		905E410F1C03B0250029365C /* Social.framework */ = {isa = PBXFileReference; lastKnownFileType = wrapper.framework; name = Social.framework; path = System/Library/Frameworks/Social.framework; sourceTree = SDKROOT; };
		905E41111C03B02D0029365C /* StoreKit.framework */ = {isa = PBXFileReference; lastKnownFileType = wrapper.framework; name = StoreKit.framework; path = System/Library/Frameworks/StoreKit.framework; sourceTree = SDKROOT; };
		905E41131C03B0370029365C /* SystemConfiguration.framework */ = {isa = PBXFileReference; lastKnownFileType = wrapper.framework; name = SystemConfiguration.framework; path = System/Library/Frameworks/SystemConfiguration.framework; sourceTree = SDKROOT; };
		905E41151C03B0410029365C /* libz.tbd */ = {isa = PBXFileReference; lastKnownFileType = "sourcecode.text-based-dylib-definition"; name = libz.tbd; path = usr/lib/libz.tbd; sourceTree = SDKROOT; };
		905E41171C03B04A0029365C /* libsqlite3.tbd */ = {isa = PBXFileReference; lastKnownFileType = "sourcecode.text-based-dylib-definition"; name = libsqlite3.tbd; path = usr/lib/libsqlite3.tbd; sourceTree = SDKROOT; };
		905E41191C03B2E30029365C /* MapViewController.h */ = {isa = PBXFileReference; fileEncoding = 4; lastKnownFileType = sourcecode.c.h; path = MapViewController.h; sourceTree = "<group>"; };
		905E411A1C03B2E30029365C /* MapViewController.m */ = {isa = PBXFileReference; fileEncoding = 4; lastKnownFileType = sourcecode.c.objc; path = MapViewController.m; sourceTree = "<group>"; };
		905E411F1C03CC1A0029365C /* Stack.h */ = {isa = PBXFileReference; fileEncoding = 4; lastKnownFileType = sourcecode.c.h; path = Stack.h; sourceTree = "<group>"; };
		905E41201C03CC1A0029365C /* Stack.m */ = {isa = PBXFileReference; fileEncoding = 4; lastKnownFileType = sourcecode.c.objc; path = Stack.m; sourceTree = "<group>"; };
		90793B4E1C0954AF003F3EBD /* UIColorClassExtension.h */ = {isa = PBXFileReference; fileEncoding = 4; lastKnownFileType = sourcecode.c.h; path = UIColorClassExtension.h; sourceTree = "<group>"; };
		90793B4F1C0954AF003F3EBD /* UIColorClassExtension.m */ = {isa = PBXFileReference; fileEncoding = 4; lastKnownFileType = sourcecode.c.objc; path = UIColorClassExtension.m; sourceTree = "<group>"; };
		90793B511C09594B003F3EBD /* SumNumbersInString.h */ = {isa = PBXFileReference; fileEncoding = 4; lastKnownFileType = sourcecode.c.h; path = SumNumbersInString.h; sourceTree = "<group>"; };
		90793B521C09594B003F3EBD /* SumNumbersInString.m */ = {isa = PBXFileReference; fileEncoding = 4; lastKnownFileType = sourcecode.c.objc; path = SumNumbersInString.m; sourceTree = "<group>"; };
		90793B541C095D73003F3EBD /* LinkedListMain.h */ = {isa = PBXFileReference; fileEncoding = 4; lastKnownFileType = sourcecode.c.h; path = LinkedListMain.h; sourceTree = "<group>"; };
		90793B551C095D73003F3EBD /* LinkedListMain.m */ = {isa = PBXFileReference; fileEncoding = 4; lastKnownFileType = sourcecode.c.objc; path = LinkedListMain.m; sourceTree = "<group>"; };
		90793B571C096106003F3EBD /* LinkedListNode.h */ = {isa = PBXFileReference; fileEncoding = 4; lastKnownFileType = sourcecode.c.h; path = LinkedListNode.h; sourceTree = "<group>"; };
		90793B581C096106003F3EBD /* LinkedListNode.m */ = {isa = PBXFileReference; fileEncoding = 4; lastKnownFileType = sourcecode.c.objc; path = LinkedListNode.m; sourceTree = "<group>"; };
		90793B5A1C0985B1003F3EBD /* toottoot.mp3 */ = {isa = PBXFileReference; lastKnownFileType = audio.mp3; path = toottoot.mp3; sourceTree = "<group>"; };
		90793BCC1C09958E003F3EBD /* MapMastersWrist.app */ = {isa = PBXFileReference; explicitFileType = wrapper.application; includeInIndex = 0; path = MapMastersWrist.app; sourceTree = BUILT_PRODUCTS_DIR; };
		90793BCF1C09958E003F3EBD /* Base */ = {isa = PBXFileReference; lastKnownFileType = file.storyboard; name = Base; path = Base.lproj/Interface.storyboard; sourceTree = "<group>"; };
		90793BD11C09958E003F3EBD /* Assets.xcassets */ = {isa = PBXFileReference; lastKnownFileType = folder.assetcatalog; path = Assets.xcassets; sourceTree = "<group>"; };
		90793BD31C09958E003F3EBD /* Info.plist */ = {isa = PBXFileReference; lastKnownFileType = text.plist.xml; path = Info.plist; sourceTree = "<group>"; };
		90793BD81C09958F003F3EBD /* MapMastersWrist Extension.appex */ = {isa = PBXFileReference; explicitFileType = "wrapper.app-extension"; includeInIndex = 0; path = "MapMastersWrist Extension.appex"; sourceTree = BUILT_PRODUCTS_DIR; };
		90793BDE1C09958F003F3EBD /* PushNotificationPayload.apns */ = {isa = PBXFileReference; lastKnownFileType = text; path = PushNotificationPayload.apns; sourceTree = "<group>"; };
		90793BDF1C09958F003F3EBD /* InterfaceController.h */ = {isa = PBXFileReference; lastKnownFileType = sourcecode.c.h; path = InterfaceController.h; sourceTree = "<group>"; };
		90793BE01C09958F003F3EBD /* InterfaceController.m */ = {isa = PBXFileReference; lastKnownFileType = sourcecode.c.objc; path = InterfaceController.m; sourceTree = "<group>"; };
		90793BE21C09958F003F3EBD /* ExtensionDelegate.h */ = {isa = PBXFileReference; lastKnownFileType = sourcecode.c.h; path = ExtensionDelegate.h; sourceTree = "<group>"; };
		90793BE31C09958F003F3EBD /* ExtensionDelegate.m */ = {isa = PBXFileReference; lastKnownFileType = sourcecode.c.objc; path = ExtensionDelegate.m; sourceTree = "<group>"; };
		90793BE51C09958F003F3EBD /* NotificationController.h */ = {isa = PBXFileReference; lastKnownFileType = sourcecode.c.h; path = NotificationController.h; sourceTree = "<group>"; };
		90793BE61C09958F003F3EBD /* NotificationController.m */ = {isa = PBXFileReference; lastKnownFileType = sourcecode.c.objc; path = NotificationController.m; sourceTree = "<group>"; };
		90793BE81C09958F003F3EBD /* Assets.xcassets */ = {isa = PBXFileReference; lastKnownFileType = folder.assetcatalog; path = Assets.xcassets; sourceTree = "<group>"; };
		90793BEA1C09958F003F3EBD /* Info.plist */ = {isa = PBXFileReference; lastKnownFileType = text.plist.xml; path = Info.plist; sourceTree = "<group>"; };
		90F7FCDE1C06BC7400E31AEC /* LoginViewController.h */ = {isa = PBXFileReference; fileEncoding = 4; lastKnownFileType = sourcecode.c.h; path = LoginViewController.h; sourceTree = "<group>"; };
		90F7FCDF1C06BC7400E31AEC /* LoginViewController.m */ = {isa = PBXFileReference; fileEncoding = 4; lastKnownFileType = sourcecode.c.objc; path = LoginViewController.m; sourceTree = "<group>"; };
		90FC62DE1C0657D200FC0C87 /* ParseFacebookUtils.framework */ = {isa = PBXFileReference; lastKnownFileType = wrapper.framework; path = ParseFacebookUtils.framework; sourceTree = "<group>"; };
		90FC62DF1C0657D200FC0C87 /* ParseFacebookUtilsV4.framework */ = {isa = PBXFileReference; lastKnownFileType = wrapper.framework; path = ParseFacebookUtilsV4.framework; sourceTree = "<group>"; };
		90FC62E01C0657D200FC0C87 /* ParseTwitterUtils.framework */ = {isa = PBXFileReference; lastKnownFileType = wrapper.framework; path = ParseTwitterUtils.framework; sourceTree = "<group>"; };
		90FC62E11C0657D200FC0C87 /* ParseUI.framework */ = {isa = PBXFileReference; lastKnownFileType = wrapper.framework; path = ParseUI.framework; sourceTree = "<group>"; };
		90FC62E61C066FD000FC0C87 /* Reminder.h */ = {isa = PBXFileReference; fileEncoding = 4; lastKnownFileType = sourcecode.c.h; path = Reminder.h; sourceTree = "<group>"; };
		90FC62E71C066FD000FC0C87 /* Reminder.m */ = {isa = PBXFileReference; fileEncoding = 4; lastKnownFileType = sourcecode.c.objc; path = Reminder.m; sourceTree = "<group>"; };
/* End PBXFileReference section */

/* Begin PBXFrameworksBuildPhase section */
		905E40BE1C03AC8C0029365C /* Frameworks */ = {
			isa = PBXFrameworksBuildPhase;
			buildActionMask = 2147483647;
			files = (
				905E41181C03B04A0029365C /* libsqlite3.tbd in Frameworks */,
				905E41161C03B0410029365C /* libz.tbd in Frameworks */,
				905E41141C03B0370029365C /* SystemConfiguration.framework in Frameworks */,
				905E41121C03B02D0029365C /* StoreKit.framework in Frameworks */,
				90FC62E41C0657D200FC0C87 /* ParseTwitterUtils.framework in Frameworks */,
				905E41101C03B0250029365C /* Social.framework in Frameworks */,
				905E410E1C03B0160029365C /* Security.framework in Frameworks */,
				905E410C1C03B00D0029365C /* QuartzCore.framework in Frameworks */,
				905E410A1C03B0050029365C /* CoreLocation.framework in Frameworks */,
				905E41081C03AFFE0029365C /* CoreGraphics.framework in Frameworks */,
				90FC62E51C0657D200FC0C87 /* ParseUI.framework in Frameworks */,
				905E41061C03AFF40029365C /* CFNetwork.framework in Frameworks */,
				905E41041C03AFEB0029365C /* AudioToolbox.framework in Frameworks */,
				905E41021C03AFE10029365C /* Accounts.framework in Frameworks */,
				905E40F81C03AC950029365C /* MapKit.framework in Frameworks */,
				905E40FC1C03AF670029365C /* Parse.framework in Frameworks */,
				90FC62E31C0657D200FC0C87 /* ParseFacebookUtilsV4.framework in Frameworks */,
				90FC62E21C0657D200FC0C87 /* ParseFacebookUtils.framework in Frameworks */,
				905E40FA1C03AF590029365C /* Bolts.framework in Frameworks */,
			);
			runOnlyForDeploymentPostprocessing = 0;
		};
		905E40D71C03AC8C0029365C /* Frameworks */ = {
			isa = PBXFrameworksBuildPhase;
			buildActionMask = 2147483647;
			files = (
			);
			runOnlyForDeploymentPostprocessing = 0;
		};
		905E40E21C03AC8C0029365C /* Frameworks */ = {
			isa = PBXFrameworksBuildPhase;
			buildActionMask = 2147483647;
			files = (
			);
			runOnlyForDeploymentPostprocessing = 0;
		};
		90793BD51C09958F003F3EBD /* Frameworks */ = {
			isa = PBXFrameworksBuildPhase;
			buildActionMask = 2147483647;
			files = (
			);
			runOnlyForDeploymentPostprocessing = 0;
		};
/* End PBXFrameworksBuildPhase section */

/* Begin PBXGroup section */
		90102A051C04FABA00245956 /* Model */ = {
			isa = PBXGroup;
			children = (
				905C02351C0501780038981A /* LocationService.h */,
				905C02361C0501780038981A /* LocationService.m */,
				90FC62E61C066FD000FC0C87 /* Reminder.h */,
				90FC62E71C066FD000FC0C87 /* Reminder.m */,
				90793B4E1C0954AF003F3EBD /* UIColorClassExtension.h */,
				90793B4F1C0954AF003F3EBD /* UIColorClassExtension.m */,
			);
			name = Model;
			sourceTree = "<group>";
		};
		904E2FE41C0A23480036E5A3 /* Controller */ = {
			isa = PBXGroup;
			children = (
				90793BE51C09958F003F3EBD /* NotificationController.h */,
				90793BE61C09958F003F3EBD /* NotificationController.m */,
				90793BDF1C09958F003F3EBD /* InterfaceController.h */,
				90793BE01C09958F003F3EBD /* InterfaceController.m */,
				904E2FE11C0A233F0036E5A3 /* ReminderTableRowController.h */,
				904E2FE21C0A233F0036E5A3 /* ReminderTableRowController.m */,
			);
			name = Controller;
			sourceTree = "<group>";
		};
		904E2FE51C0A23680036E5A3 /* App */ = {
			isa = PBXGroup;
			children = (
				90793BE21C09958F003F3EBD /* ExtensionDelegate.h */,
				90793BE31C09958F003F3EBD /* ExtensionDelegate.m */,
				90793BEA1C09958F003F3EBD /* Info.plist */,
			);
			name = App;
			sourceTree = "<group>";
		};
		904E2FE61C0A236E0036E5A3 /* View */ = {
			isa = PBXGroup;
			children = (
				90793BE81C09958F003F3EBD /* Assets.xcassets */,
			);
			name = View;
			sourceTree = "<group>";
		};
		905E40B81C03AC8C0029365C = {
			isa = PBXGroup;
			children = (
				905E40C31C03AC8C0029365C /* MapMasters */,
				905E40DD1C03AC8C0029365C /* MapMastersTests */,
				905E40E81C03AC8C0029365C /* MapMastersUITests */,
				90793BCD1C09958E003F3EBD /* MapMastersWrist */,
				90793BDC1C09958F003F3EBD /* MapMastersWrist Extension */,
				905E40C21C03AC8C0029365C /* Products */,
				905E40FD1C03AF770029365C /* Frameworks */,
				905E411E1C03C9E70029365C /* Code Challenges */,
			);
			sourceTree = "<group>";
		};
		905E40C21C03AC8C0029365C /* Products */ = {
			isa = PBXGroup;
			children = (
				905E40C11C03AC8C0029365C /* MapMasters.app */,
				905E40DA1C03AC8C0029365C /* MapMastersTests.xctest */,
				905E40E51C03AC8C0029365C /* MapMastersUITests.xctest */,
				90793BCC1C09958E003F3EBD /* MapMastersWrist.app */,
				90793BD81C09958F003F3EBD /* MapMastersWrist Extension.appex */,
			);
			name = Products;
			sourceTree = "<group>";
		};
		905E40C31C03AC8C0029365C /* MapMasters */ = {
			isa = PBXGroup;
			children = (
				905E41001C03AF9C0029365C /* App */,
				905E40FF1C03AF950029365C /* Controller */,
				90102A051C04FABA00245956 /* Model */,
				905E40FE1C03AF850029365C /* View */,
				905E40C41C03AC8C0029365C /* Supporting Files */,
			);
			path = MapMasters;
			sourceTree = "<group>";
		};
		905E40C41C03AC8C0029365C /* Supporting Files */ = {
			isa = PBXGroup;
			children = (
				905E40D51C03AC8C0029365C /* Info.plist */,
				90793B5A1C0985B1003F3EBD /* toottoot.mp3 */,
				905E40C51C03AC8C0029365C /* main.m */,
			);
			name = "Supporting Files";
			sourceTree = "<group>";
		};
		905E40DD1C03AC8C0029365C /* MapMastersTests */ = {
			isa = PBXGroup;
			children = (
				905E40DE1C03AC8C0029365C /* MapMastersTests.m */,
				905E40E01C03AC8C0029365C /* Info.plist */,
			);
			path = MapMastersTests;
			sourceTree = "<group>";
		};
		905E40E81C03AC8C0029365C /* MapMastersUITests */ = {
			isa = PBXGroup;
			children = (
				905E40E91C03AC8C0029365C /* MapMastersUITests.m */,
				905E40EB1C03AC8C0029365C /* Info.plist */,
			);
			path = MapMastersUITests;
			sourceTree = "<group>";
		};
		905E40FD1C03AF770029365C /* Frameworks */ = {
			isa = PBXGroup;
			children = (
				905E41171C03B04A0029365C /* libsqlite3.tbd */,
				905E41151C03B0410029365C /* libz.tbd */,
				90FC62DE1C0657D200FC0C87 /* ParseFacebookUtils.framework */,
				90FC62DF1C0657D200FC0C87 /* ParseFacebookUtilsV4.framework */,
				90FC62E01C0657D200FC0C87 /* ParseTwitterUtils.framework */,
				90FC62E11C0657D200FC0C87 /* ParseUI.framework */,
				905E41131C03B0370029365C /* SystemConfiguration.framework */,
				905E41111C03B02D0029365C /* StoreKit.framework */,
				905E410F1C03B0250029365C /* Social.framework */,
				905E410D1C03B0160029365C /* Security.framework */,
				905E410B1C03B00D0029365C /* QuartzCore.framework */,
				905E41091C03B0050029365C /* CoreLocation.framework */,
				905E41071C03AFFE0029365C /* CoreGraphics.framework */,
				905E41051C03AFF40029365C /* CFNetwork.framework */,
				905E41031C03AFEB0029365C /* AudioToolbox.framework */,
				905E41011C03AFE10029365C /* Accounts.framework */,
				905E40F71C03AC950029365C /* MapKit.framework */,
				905E40FB1C03AF670029365C /* Parse.framework */,
				905E40F91C03AF590029365C /* Bolts.framework */,
			);
			name = Frameworks;
			sourceTree = "<group>";
		};
		905E40FE1C03AF850029365C /* View */ = {
			isa = PBXGroup;
			children = (
				905E40CD1C03AC8C0029365C /* Main.storyboard */,
				905E40D01C03AC8C0029365C /* Assets.xcassets */,
				905E40D21C03AC8C0029365C /* LaunchScreen.storyboard */,
			);
			name = View;
			sourceTree = "<group>";
		};
		905E40FF1C03AF950029365C /* Controller */ = {
			isa = PBXGroup;
			children = (
				905E41191C03B2E30029365C /* MapViewController.h */,
				905E411A1C03B2E30029365C /* MapViewController.m */,
				905C02381C05155B0038981A /* LocationDetailViewController.h */,
				905C02391C05155B0038981A /* LocationDetailViewController.m */,
				90F7FCDE1C06BC7400E31AEC /* LoginViewController.h */,
				90F7FCDF1C06BC7400E31AEC /* LoginViewController.m */,
			);
			name = Controller;
			sourceTree = "<group>";
		};
		905E41001C03AF9C0029365C /* App */ = {
			isa = PBXGroup;
			children = (
				905E40C71C03AC8C0029365C /* AppDelegate.h */,
				905E40C81C03AC8C0029365C /* AppDelegate.m */,
			);
			name = App;
			sourceTree = "<group>";
		};
		905E411E1C03C9E70029365C /* Code Challenges */ = {
			isa = PBXGroup;
			children = (
				905E411F1C03CC1A0029365C /* Stack.h */,
				905E41201C03CC1A0029365C /* Stack.m */,
				90793B511C09594B003F3EBD /* SumNumbersInString.h */,
				90793B521C09594B003F3EBD /* SumNumbersInString.m */,
				90793B541C095D73003F3EBD /* LinkedListMain.h */,
				90793B551C095D73003F3EBD /* LinkedListMain.m */,
				90793B571C096106003F3EBD /* LinkedListNode.h */,
				90793B581C096106003F3EBD /* LinkedListNode.m */,
				905C023B1C051A730038981A /* Anagram.h */,
				905C023C1C051A730038981A /* Anagram.m */,
				901029FE1C04025100245956 /* Queue.h */,
				901029FF1C04025100245956 /* Queue.m */,
			);
			name = "Code Challenges";
			path = MapMasters;
			sourceTree = "<group>";
		};
		90793BCD1C09958E003F3EBD /* MapMastersWrist */ = {
			isa = PBXGroup;
			children = (
				90793BFA1C099697003F3EBD /* View */,
				90793BFB1C09969D003F3EBD /* App */,
			);
			path = MapMastersWrist;
			sourceTree = "<group>";
		};
		90793BDC1C09958F003F3EBD /* MapMastersWrist Extension */ = {
			isa = PBXGroup;
			children = (
				904E2FE41C0A23480036E5A3 /* Controller */,
				904E2FE51C0A23680036E5A3 /* App */,
				904E2FE61C0A236E0036E5A3 /* View */,
				90793BDD1C09958F003F3EBD /* Supporting Files */,
			);
			path = "MapMastersWrist Extension";
			sourceTree = "<group>";
		};
		90793BDD1C09958F003F3EBD /* Supporting Files */ = {
			isa = PBXGroup;
			children = (
				90793BDE1C09958F003F3EBD /* PushNotificationPayload.apns */,
			);
			name = "Supporting Files";
			sourceTree = "<group>";
		};
		90793BFA1C099697003F3EBD /* View */ = {
			isa = PBXGroup;
			children = (
				90793BCE1C09958E003F3EBD /* Interface.storyboard */,
				90793BD11C09958E003F3EBD /* Assets.xcassets */,
			);
			name = View;
			sourceTree = "<group>";
		};
		90793BFB1C09969D003F3EBD /* App */ = {
			isa = PBXGroup;
			children = (
				90793BD31C09958E003F3EBD /* Info.plist */,
			);
			name = App;
			sourceTree = "<group>";
		};
/* End PBXGroup section */

/* Begin PBXNativeTarget section */
		905E40C01C03AC8C0029365C /* MapMasters */ = {
			isa = PBXNativeTarget;
			buildConfigurationList = 905E40EE1C03AC8C0029365C /* Build configuration list for PBXNativeTarget "MapMasters" */;
			buildPhases = (
				905E40BD1C03AC8C0029365C /* Sources */,
				905E40BE1C03AC8C0029365C /* Frameworks */,
				905E40BF1C03AC8C0029365C /* Resources */,
				90793BF51C09958F003F3EBD /* Embed Watch Content */,
			);
			buildRules = (
			);
			dependencies = (
				90793BEC1C09958F003F3EBD /* PBXTargetDependency */,
			);
			name = MapMasters;
			productName = MapMasters;
			productReference = 905E40C11C03AC8C0029365C /* MapMasters.app */;
			productType = "com.apple.product-type.application";
		};
		905E40D91C03AC8C0029365C /* MapMastersTests */ = {
			isa = PBXNativeTarget;
			buildConfigurationList = 905E40F11C03AC8C0029365C /* Build configuration list for PBXNativeTarget "MapMastersTests" */;
			buildPhases = (
				905E40D61C03AC8C0029365C /* Sources */,
				905E40D71C03AC8C0029365C /* Frameworks */,
				905E40D81C03AC8C0029365C /* Resources */,
			);
			buildRules = (
			);
			dependencies = (
				905E40DC1C03AC8C0029365C /* PBXTargetDependency */,
			);
			name = MapMastersTests;
			productName = MapMastersTests;
			productReference = 905E40DA1C03AC8C0029365C /* MapMastersTests.xctest */;
			productType = "com.apple.product-type.bundle.unit-test";
		};
		905E40E41C03AC8C0029365C /* MapMastersUITests */ = {
			isa = PBXNativeTarget;
			buildConfigurationList = 905E40F41C03AC8C0029365C /* Build configuration list for PBXNativeTarget "MapMastersUITests" */;
			buildPhases = (
				905E40E11C03AC8C0029365C /* Sources */,
				905E40E21C03AC8C0029365C /* Frameworks */,
				905E40E31C03AC8C0029365C /* Resources */,
			);
			buildRules = (
			);
			dependencies = (
				905E40E71C03AC8C0029365C /* PBXTargetDependency */,
			);
			name = MapMastersUITests;
			productName = MapMastersUITests;
			productReference = 905E40E51C03AC8C0029365C /* MapMastersUITests.xctest */;
			productType = "com.apple.product-type.bundle.ui-testing";
		};
		90793BCB1C09958E003F3EBD /* MapMastersWrist */ = {
			isa = PBXNativeTarget;
			buildConfigurationList = 90793BF21C09958F003F3EBD /* Build configuration list for PBXNativeTarget "MapMastersWrist" */;
			buildPhases = (
				90793BCA1C09958E003F3EBD /* Resources */,
				90793BF11C09958F003F3EBD /* Embed App Extensions */,
			);
			buildRules = (
			);
			dependencies = (
				90793BDB1C09958F003F3EBD /* PBXTargetDependency */,
			);
			name = MapMastersWrist;
			productName = MapMastersWrist;
			productReference = 90793BCC1C09958E003F3EBD /* MapMastersWrist.app */;
			productType = "com.apple.product-type.application.watchapp2";
		};
		90793BD71C09958F003F3EBD /* MapMastersWrist Extension */ = {
			isa = PBXNativeTarget;
			buildConfigurationList = 90793BEE1C09958F003F3EBD /* Build configuration list for PBXNativeTarget "MapMastersWrist Extension" */;
			buildPhases = (
				90793BD41C09958F003F3EBD /* Sources */,
				90793BD51C09958F003F3EBD /* Frameworks */,
				90793BD61C09958F003F3EBD /* Resources */,
			);
			buildRules = (
			);
			dependencies = (
			);
			name = "MapMastersWrist Extension";
			productName = "MapMastersWrist Extension";
			productReference = 90793BD81C09958F003F3EBD /* MapMastersWrist Extension.appex */;
			productType = "com.apple.product-type.watchkit2-extension";
		};
/* End PBXNativeTarget section */

/* Begin PBXProject section */
		905E40B91C03AC8C0029365C /* Project object */ = {
			isa = PBXProject;
			attributes = {
				LastUpgradeCheck = 0710;
				ORGANIZATIONNAME = creeperspeak;
				TargetAttributes = {
					905E40C01C03AC8C0029365C = {
						CreatedOnToolsVersion = 7.1.1;
						SystemCapabilities = {
							com.apple.Maps.iOS = {
								enabled = 1;
							};
						};
					};
					905E40D91C03AC8C0029365C = {
						CreatedOnToolsVersion = 7.1.1;
						TestTargetID = 905E40C01C03AC8C0029365C;
					};
					905E40E41C03AC8C0029365C = {
						CreatedOnToolsVersion = 7.1.1;
						TestTargetID = 905E40C01C03AC8C0029365C;
					};
					90793BCB1C09958E003F3EBD = {
						CreatedOnToolsVersion = 7.1.1;
					};
					90793BD71C09958F003F3EBD = {
						CreatedOnToolsVersion = 7.1.1;
					};
				};
			};
			buildConfigurationList = 905E40BC1C03AC8C0029365C /* Build configuration list for PBXProject "MapMasters" */;
			compatibilityVersion = "Xcode 3.2";
			developmentRegion = English;
			hasScannedForEncodings = 0;
			knownRegions = (
				en,
				Base,
			);
			mainGroup = 905E40B81C03AC8C0029365C;
			productRefGroup = 905E40C21C03AC8C0029365C /* Products */;
			projectDirPath = "";
			projectRoot = "";
			targets = (
				905E40C01C03AC8C0029365C /* MapMasters */,
				905E40D91C03AC8C0029365C /* MapMastersTests */,
				905E40E41C03AC8C0029365C /* MapMastersUITests */,
				90793BCB1C09958E003F3EBD /* MapMastersWrist */,
				90793BD71C09958F003F3EBD /* MapMastersWrist Extension */,
			);
		};
/* End PBXProject section */

/* Begin PBXResourcesBuildPhase section */
		905E40BF1C03AC8C0029365C /* Resources */ = {
			isa = PBXResourcesBuildPhase;
			buildActionMask = 2147483647;
			files = (
				905E40D41C03AC8C0029365C /* LaunchScreen.storyboard in Resources */,
				905E40D11C03AC8C0029365C /* Assets.xcassets in Resources */,
				90793B5B1C0985B2003F3EBD /* toottoot.mp3 in Resources */,
				905E40CF1C03AC8C0029365C /* Main.storyboard in Resources */,
			);
			runOnlyForDeploymentPostprocessing = 0;
		};
		905E40D81C03AC8C0029365C /* Resources */ = {
			isa = PBXResourcesBuildPhase;
			buildActionMask = 2147483647;
			files = (
			);
			runOnlyForDeploymentPostprocessing = 0;
		};
		905E40E31C03AC8C0029365C /* Resources */ = {
			isa = PBXResourcesBuildPhase;
			buildActionMask = 2147483647;
			files = (
			);
			runOnlyForDeploymentPostprocessing = 0;
		};
		90793BCA1C09958E003F3EBD /* Resources */ = {
			isa = PBXResourcesBuildPhase;
			buildActionMask = 2147483647;
			files = (
				90793BD21C09958E003F3EBD /* Assets.xcassets in Resources */,
				90793BD01C09958E003F3EBD /* Interface.storyboard in Resources */,
			);
			runOnlyForDeploymentPostprocessing = 0;
		};
		90793BD61C09958F003F3EBD /* Resources */ = {
			isa = PBXResourcesBuildPhase;
			buildActionMask = 2147483647;
			files = (
				90793BE91C09958F003F3EBD /* Assets.xcassets in Resources */,
			);
			runOnlyForDeploymentPostprocessing = 0;
		};
/* End PBXResourcesBuildPhase section */

/* Begin PBXSourcesBuildPhase section */
		905E40BD1C03AC8C0029365C /* Sources */ = {
			isa = PBXSourcesBuildPhase;
			buildActionMask = 2147483647;
			files = (
				90102A001C04025100245956 /* Queue.m in Sources */,
				905E41211C03CC1A0029365C /* Stack.m in Sources */,
				90793B501C0954AF003F3EBD /* UIColorClassExtension.m in Sources */,
				905C023A1C05155B0038981A /* LocationDetailViewController.m in Sources */,
				90793B561C095D73003F3EBD /* LinkedListMain.m in Sources */,
				905C023D1C051A730038981A /* Anagram.m in Sources */,
				90F7FCE01C06BC7400E31AEC /* LoginViewController.m in Sources */,
				90793B531C09594B003F3EBD /* SumNumbersInString.m in Sources */,
				90FC62E81C066FD000FC0C87 /* Reminder.m in Sources */,
				905E411B1C03B2E30029365C /* MapViewController.m in Sources */,
				90793B591C096106003F3EBD /* LinkedListNode.m in Sources */,
				905E40C91C03AC8C0029365C /* AppDelegate.m in Sources */,
				905C02371C0501780038981A /* LocationService.m in Sources */,
				905E40C61C03AC8C0029365C /* main.m in Sources */,
			);
			runOnlyForDeploymentPostprocessing = 0;
		};
		905E40D61C03AC8C0029365C /* Sources */ = {
			isa = PBXSourcesBuildPhase;
			buildActionMask = 2147483647;
			files = (
				905E40DF1C03AC8C0029365C /* MapMastersTests.m in Sources */,
			);
			runOnlyForDeploymentPostprocessing = 0;
		};
		905E40E11C03AC8C0029365C /* Sources */ = {
			isa = PBXSourcesBuildPhase;
			buildActionMask = 2147483647;
			files = (
				905E40EA1C03AC8C0029365C /* MapMastersUITests.m in Sources */,
			);
			runOnlyForDeploymentPostprocessing = 0;
		};
		90793BD41C09958F003F3EBD /* Sources */ = {
			isa = PBXSourcesBuildPhase;
			buildActionMask = 2147483647;
			files = (
				90793BE41C09958F003F3EBD /* ExtensionDelegate.m in Sources */,
				904E2FE31C0A233F0036E5A3 /* ReminderTableRowController.m in Sources */,
				90793BE11C09958F003F3EBD /* InterfaceController.m in Sources */,
				90793BE71C09958F003F3EBD /* NotificationController.m in Sources */,
			);
			runOnlyForDeploymentPostprocessing = 0;
		};
/* End PBXSourcesBuildPhase section */

/* Begin PBXTargetDependency section */
		905E40DC1C03AC8C0029365C /* PBXTargetDependency */ = {
			isa = PBXTargetDependency;
			target = 905E40C01C03AC8C0029365C /* MapMasters */;
			targetProxy = 905E40DB1C03AC8C0029365C /* PBXContainerItemProxy */;
		};
		905E40E71C03AC8C0029365C /* PBXTargetDependency */ = {
			isa = PBXTargetDependency;
			target = 905E40C01C03AC8C0029365C /* MapMasters */;
			targetProxy = 905E40E61C03AC8C0029365C /* PBXContainerItemProxy */;
		};
		90793BDB1C09958F003F3EBD /* PBXTargetDependency */ = {
			isa = PBXTargetDependency;
			target = 90793BD71C09958F003F3EBD /* MapMastersWrist Extension */;
			targetProxy = 90793BDA1C09958F003F3EBD /* PBXContainerItemProxy */;
		};
		90793BEC1C09958F003F3EBD /* PBXTargetDependency */ = {
			isa = PBXTargetDependency;
			target = 90793BCB1C09958E003F3EBD /* MapMastersWrist */;
			targetProxy = 90793BEB1C09958F003F3EBD /* PBXContainerItemProxy */;
		};
/* End PBXTargetDependency section */

/* Begin PBXVariantGroup section */
		905E40CD1C03AC8C0029365C /* Main.storyboard */ = {
			isa = PBXVariantGroup;
			children = (
				905E40CE1C03AC8C0029365C /* Base */,
			);
			name = Main.storyboard;
			sourceTree = "<group>";
		};
		905E40D21C03AC8C0029365C /* LaunchScreen.storyboard */ = {
			isa = PBXVariantGroup;
			children = (
				905E40D31C03AC8C0029365C /* Base */,
			);
			name = LaunchScreen.storyboard;
			sourceTree = "<group>";
		};
		90793BCE1C09958E003F3EBD /* Interface.storyboard */ = {
			isa = PBXVariantGroup;
			children = (
				90793BCF1C09958E003F3EBD /* Base */,
			);
			name = Interface.storyboard;
			sourceTree = "<group>";
		};
/* End PBXVariantGroup section */

/* Begin XCBuildConfiguration section */
		905E40EC1C03AC8C0029365C /* Debug */ = {
			isa = XCBuildConfiguration;
			buildSettings = {
				ALWAYS_SEARCH_USER_PATHS = NO;
				CLANG_CXX_LANGUAGE_STANDARD = "gnu++0x";
				CLANG_CXX_LIBRARY = "libc++";
				CLANG_ENABLE_MODULES = YES;
				CLANG_ENABLE_OBJC_ARC = YES;
				CLANG_WARN_BOOL_CONVERSION = YES;
				CLANG_WARN_CONSTANT_CONVERSION = YES;
				CLANG_WARN_DIRECT_OBJC_ISA_USAGE = YES_ERROR;
				CLANG_WARN_EMPTY_BODY = YES;
				CLANG_WARN_ENUM_CONVERSION = YES;
				CLANG_WARN_INT_CONVERSION = YES;
				CLANG_WARN_OBJC_ROOT_CLASS = YES_ERROR;
				CLANG_WARN_UNREACHABLE_CODE = YES;
				CLANG_WARN__DUPLICATE_METHOD_MATCH = YES;
				"CODE_SIGN_IDENTITY[sdk=iphoneos*]" = "iPhone Developer";
				COPY_PHASE_STRIP = NO;
				DEBUG_INFORMATION_FORMAT = dwarf;
				ENABLE_STRICT_OBJC_MSGSEND = YES;
				ENABLE_TESTABILITY = YES;
				GCC_C_LANGUAGE_STANDARD = gnu99;
				GCC_DYNAMIC_NO_PIC = NO;
				GCC_NO_COMMON_BLOCKS = YES;
				GCC_OPTIMIZATION_LEVEL = 0;
				GCC_PREPROCESSOR_DEFINITIONS = (
					"DEBUG=1",
					"$(inherited)",
				);
				GCC_WARN_64_TO_32_BIT_CONVERSION = YES;
				GCC_WARN_ABOUT_RETURN_TYPE = YES_ERROR;
				GCC_WARN_UNDECLARED_SELECTOR = YES;
				GCC_WARN_UNINITIALIZED_AUTOS = YES_AGGRESSIVE;
				GCC_WARN_UNUSED_FUNCTION = YES;
				GCC_WARN_UNUSED_VARIABLE = YES;
				IPHONEOS_DEPLOYMENT_TARGET = 9.1;
				MTL_ENABLE_DEBUG_INFO = YES;
				ONLY_ACTIVE_ARCH = YES;
				SDKROOT = iphoneos;
				TARGETED_DEVICE_FAMILY = "1,2";
			};
			name = Debug;
		};
		905E40ED1C03AC8C0029365C /* Release */ = {
			isa = XCBuildConfiguration;
			buildSettings = {
				ALWAYS_SEARCH_USER_PATHS = NO;
				CLANG_CXX_LANGUAGE_STANDARD = "gnu++0x";
				CLANG_CXX_LIBRARY = "libc++";
				CLANG_ENABLE_MODULES = YES;
				CLANG_ENABLE_OBJC_ARC = YES;
				CLANG_WARN_BOOL_CONVERSION = YES;
				CLANG_WARN_CONSTANT_CONVERSION = YES;
				CLANG_WARN_DIRECT_OBJC_ISA_USAGE = YES_ERROR;
				CLANG_WARN_EMPTY_BODY = YES;
				CLANG_WARN_ENUM_CONVERSION = YES;
				CLANG_WARN_INT_CONVERSION = YES;
				CLANG_WARN_OBJC_ROOT_CLASS = YES_ERROR;
				CLANG_WARN_UNREACHABLE_CODE = YES;
				CLANG_WARN__DUPLICATE_METHOD_MATCH = YES;
				"CODE_SIGN_IDENTITY[sdk=iphoneos*]" = "iPhone Developer";
				COPY_PHASE_STRIP = NO;
				DEBUG_INFORMATION_FORMAT = "dwarf-with-dsym";
				ENABLE_NS_ASSERTIONS = NO;
				ENABLE_STRICT_OBJC_MSGSEND = YES;
				GCC_C_LANGUAGE_STANDARD = gnu99;
				GCC_NO_COMMON_BLOCKS = YES;
				GCC_WARN_64_TO_32_BIT_CONVERSION = YES;
				GCC_WARN_ABOUT_RETURN_TYPE = YES_ERROR;
				GCC_WARN_UNDECLARED_SELECTOR = YES;
				GCC_WARN_UNINITIALIZED_AUTOS = YES_AGGRESSIVE;
				GCC_WARN_UNUSED_FUNCTION = YES;
				GCC_WARN_UNUSED_VARIABLE = YES;
				IPHONEOS_DEPLOYMENT_TARGET = 9.1;
				MTL_ENABLE_DEBUG_INFO = NO;
				SDKROOT = iphoneos;
				TARGETED_DEVICE_FAMILY = "1,2";
				VALIDATE_PRODUCT = YES;
			};
			name = Release;
		};
		905E40EF1C03AC8C0029365C /* Debug */ = {
			isa = XCBuildConfiguration;
			buildSettings = {
				ALWAYS_SEARCH_USER_PATHS = NO;
				ASSETCATALOG_COMPILER_APPICON_NAME = AppIcon;
				FRAMEWORK_SEARCH_PATHS = (
					"$(inherited)",
					"$(PROJECT_DIR)",
				);
				HEADER_SEARCH_PATHS = "$(PROJECT_DIR)";
				INFOPLIST_FILE = MapMasters/Info.plist;
				LD_RUNPATH_SEARCH_PATHS = "$(inherited) @executable_path/Frameworks";
				PRODUCT_BUNDLE_IDENTIFIER = com.creeperspeak.MapMasters;
				PRODUCT_NAME = "$(TARGET_NAME)";
			};
			name = Debug;
		};
		905E40F01C03AC8C0029365C /* Release */ = {
			isa = XCBuildConfiguration;
			buildSettings = {
				ALWAYS_SEARCH_USER_PATHS = NO;
				ASSETCATALOG_COMPILER_APPICON_NAME = AppIcon;
				FRAMEWORK_SEARCH_PATHS = (
					"$(inherited)",
					"$(PROJECT_DIR)",
				);
				HEADER_SEARCH_PATHS = "$(PROJECT_DIR)";
				INFOPLIST_FILE = MapMasters/Info.plist;
				LD_RUNPATH_SEARCH_PATHS = "$(inherited) @executable_path/Frameworks";
				PRODUCT_BUNDLE_IDENTIFIER = com.creeperspeak.MapMasters;
				PRODUCT_NAME = "$(TARGET_NAME)";
			};
			name = Release;
		};
		905E40F21C03AC8C0029365C /* Debug */ = {
			isa = XCBuildConfiguration;
			buildSettings = {
				BUNDLE_LOADER = "$(TEST_HOST)";
				INFOPLIST_FILE = MapMastersTests/Info.plist;
				LD_RUNPATH_SEARCH_PATHS = "$(inherited) @executable_path/Frameworks @loader_path/Frameworks";
				PRODUCT_BUNDLE_IDENTIFIER = com.creeperspeak.MapMastersTests;
				PRODUCT_NAME = "$(TARGET_NAME)";
				TEST_HOST = "$(BUILT_PRODUCTS_DIR)/MapMasters.app/MapMasters";
			};
			name = Debug;
		};
		905E40F31C03AC8C0029365C /* Release */ = {
			isa = XCBuildConfiguration;
			buildSettings = {
				BUNDLE_LOADER = "$(TEST_HOST)";
				INFOPLIST_FILE = MapMastersTests/Info.plist;
				LD_RUNPATH_SEARCH_PATHS = "$(inherited) @executable_path/Frameworks @loader_path/Frameworks";
				PRODUCT_BUNDLE_IDENTIFIER = com.creeperspeak.MapMastersTests;
				PRODUCT_NAME = "$(TARGET_NAME)";
				TEST_HOST = "$(BUILT_PRODUCTS_DIR)/MapMasters.app/MapMasters";
			};
			name = Release;
		};
		905E40F51C03AC8C0029365C /* Debug */ = {
			isa = XCBuildConfiguration;
			buildSettings = {
				INFOPLIST_FILE = MapMastersUITests/Info.plist;
				LD_RUNPATH_SEARCH_PATHS = "$(inherited) @executable_path/Frameworks @loader_path/Frameworks";
				PRODUCT_BUNDLE_IDENTIFIER = com.creeperspeak.MapMastersUITests;
				PRODUCT_NAME = "$(TARGET_NAME)";
				TEST_TARGET_NAME = MapMasters;
				USES_XCTRUNNER = YES;
			};
			name = Debug;
		};
		905E40F61C03AC8C0029365C /* Release */ = {
			isa = XCBuildConfiguration;
			buildSettings = {
				INFOPLIST_FILE = MapMastersUITests/Info.plist;
				LD_RUNPATH_SEARCH_PATHS = "$(inherited) @executable_path/Frameworks @loader_path/Frameworks";
				PRODUCT_BUNDLE_IDENTIFIER = com.creeperspeak.MapMastersUITests;
				PRODUCT_NAME = "$(TARGET_NAME)";
				TEST_TARGET_NAME = MapMasters;
				USES_XCTRUNNER = YES;
			};
			name = Release;
		};
		90793BEF1C09958F003F3EBD /* Debug */ = {
			isa = XCBuildConfiguration;
			buildSettings = {
				FRAMEWORK_SEARCH_PATHS = (
					"$(inherited)",
					"$(PROJECT_DIR)/MapMastersWrist",
					Extension,
				);
				INFOPLIST_FILE = "MapMastersWrist Extension/Info.plist";
				LD_RUNPATH_SEARCH_PATHS = "$(inherited) @executable_path/Frameworks @executable_path/../../Frameworks";
				PRODUCT_BUNDLE_IDENTIFIER = com.creeperspeak.MapMasters.watchkitapp.watchkitextension;
				PRODUCT_NAME = "${TARGET_NAME}";
				SDKROOT = watchos;
				SKIP_INSTALL = YES;
				TARGETED_DEVICE_FAMILY = 4;
				WATCHOS_DEPLOYMENT_TARGET = 2.0;
			};
			name = Debug;
		};
		90793BF01C09958F003F3EBD /* Release */ = {
			isa = XCBuildConfiguration;
			buildSettings = {
				FRAMEWORK_SEARCH_PATHS = (
					"$(inherited)",
					"$(PROJECT_DIR)/MapMastersWrist",
					Extension,
				);
				INFOPLIST_FILE = "MapMastersWrist Extension/Info.plist";
				LD_RUNPATH_SEARCH_PATHS = "$(inherited) @executable_path/Frameworks @executable_path/../../Frameworks";
				PRODUCT_BUNDLE_IDENTIFIER = com.creeperspeak.MapMasters.watchkitapp.watchkitextension;
				PRODUCT_NAME = "${TARGET_NAME}";
				SDKROOT = watchos;
				SKIP_INSTALL = YES;
				TARGETED_DEVICE_FAMILY = 4;
				WATCHOS_DEPLOYMENT_TARGET = 2.0;
			};
			name = Release;
		};
		90793BF31C09958F003F3EBD /* Debug */ = {
			isa = XCBuildConfiguration;
			buildSettings = {
				ASSETCATALOG_COMPILER_APPICON_NAME = AppIcon;
				IBSC_MODULE = MapMastersWrist_Extension;
				INFOPLIST_FILE = MapMastersWrist/Info.plist;
				PRODUCT_BUNDLE_IDENTIFIER = com.creeperspeak.MapMasters.watchkitapp;
				PRODUCT_NAME = "$(TARGET_NAME)";
				SDKROOT = watchos;
				SKIP_INSTALL = YES;
				TARGETED_DEVICE_FAMILY = 4;
				WATCHOS_DEPLOYMENT_TARGET = 2.0;
			};
			name = Debug;
		};
		90793BF41C09958F003F3EBD /* Release */ = {
			isa = XCBuildConfiguration;
			buildSettings = {
				ASSETCATALOG_COMPILER_APPICON_NAME = AppIcon;
				IBSC_MODULE = MapMastersWrist_Extension;
				INFOPLIST_FILE = MapMastersWrist/Info.plist;
				PRODUCT_BUNDLE_IDENTIFIER = com.creeperspeak.MapMasters.watchkitapp;
				PRODUCT_NAME = "$(TARGET_NAME)";
				SDKROOT = watchos;
				SKIP_INSTALL = YES;
				TARGETED_DEVICE_FAMILY = 4;
				WATCHOS_DEPLOYMENT_TARGET = 2.0;
			};
			name = Release;
		};
/* End XCBuildConfiguration section */

/* Begin XCConfigurationList section */
		905E40BC1C03AC8C0029365C /* Build configuration list for PBXProject "MapMasters" */ = {
			isa = XCConfigurationList;
			buildConfigurations = (
				905E40EC1C03AC8C0029365C /* Debug */,
				905E40ED1C03AC8C0029365C /* Release */,
			);
			defaultConfigurationIsVisible = 0;
			defaultConfigurationName = Release;
		};
		905E40EE1C03AC8C0029365C /* Build configuration list for PBXNativeTarget "MapMasters" */ = {
			isa = XCConfigurationList;
			buildConfigurations = (
				905E40EF1C03AC8C0029365C /* Debug */,
				905E40F01C03AC8C0029365C /* Release */,
			);
			defaultConfigurationIsVisible = 0;
			defaultConfigurationName = Release;
		};
		905E40F11C03AC8C0029365C /* Build configuration list for PBXNativeTarget "MapMastersTests" */ = {
			isa = XCConfigurationList;
			buildConfigurations = (
				905E40F21C03AC8C0029365C /* Debug */,
				905E40F31C03AC8C0029365C /* Release */,
			);
			defaultConfigurationIsVisible = 0;
			defaultConfigurationName = Release;
		};
		905E40F41C03AC8C0029365C /* Build configuration list for PBXNativeTarget "MapMastersUITests" */ = {
			isa = XCConfigurationList;
			buildConfigurations = (
				905E40F51C03AC8C0029365C /* Debug */,
				905E40F61C03AC8C0029365C /* Release */,
			);
			defaultConfigurationIsVisible = 0;
			defaultConfigurationName = Release;
		};
		90793BEE1C09958F003F3EBD /* Build configuration list for PBXNativeTarget "MapMastersWrist Extension" */ = {
			isa = XCConfigurationList;
			buildConfigurations = (
				90793BEF1C09958F003F3EBD /* Debug */,
				90793BF01C09958F003F3EBD /* Release */,
			);
			defaultConfigurationIsVisible = 0;
			defaultConfigurationName = Release;
		};
		90793BF21C09958F003F3EBD /* Build configuration list for PBXNativeTarget "MapMastersWrist" */ = {
			isa = XCConfigurationList;
			buildConfigurations = (
				90793BF31C09958F003F3EBD /* Debug */,
				90793BF41C09958F003F3EBD /* Release */,
			);
			defaultConfigurationIsVisible = 0;
			defaultConfigurationName = Release;
		};
/* End XCConfigurationList section */
	};
	rootObject = 905E40B91C03AC8C0029365C /* Project object */;
}
